
Microsoft Visual Studio Solution File, Format Version 12.00
# Visual Studio 15
VisualStudioVersion = 15.0.28307.102
MinimumVisualStudioVersion = 10.0.40219.1
Project("{FAE04EC0-301F-11D3-BF4B-00C04F79EFBC}") = "Music Ripper", "Music Ripper\Music Ripper.csproj", "{78AD690D-B6A6-48FC-B0EF-CB64CB233EAD}"
EndProject
Global
	GlobalSection(SolutionConfigurationPlatforms) = preSolution
		Debug|Any CPU = Debug|Any CPU
		Release|Any CPU = Release|Any CPU
	EndGlobalSection
	GlobalSection(ProjectConfigurationPlatforms) = postSolution
		{78AD690D-B6A6-48FC-B0EF-CB64CB233EAD}.Debug|Any CPU.ActiveCfg = Debug|Any CPU
		{78AD690D-B6A6-48FC-B0EF-CB64CB233EAD}.Debug|Any CPU.Build.0 = Debug|Any CPU
		{78AD690D-B6A6-48FC-B0EF-CB64CB233EAD}.Release|Any CPU.ActiveCfg = Release|Any CPU
		{78AD690D-B6A6-48FC-B0EF-CB64CB233EAD}.Release|Any CPU.Build.0 = Release|Any CPU
	EndGlobalSection
	GlobalSection(SolutionProperties) = preSolution
		HideSolutionNode = FALSE
	EndGlobalSection
	GlobalSection(ExtensibilityGlobals) = postSolution
		SolutionGuid = {5642AF58-765C-4343-BAD1-A1C4FA1FDCC2}
	EndGlobalSection
EndGlobal
